
Microsoft Visual Studio Solution File, Format Version 12.00
# Visual Studio 14
VisualStudioVersion = 14.0.24720.0
MinimumVisualStudioVersion = 10.0.40219.1
Project("{F184B08F-C81C-45F6-A57F-5ABD9991F28F}") = "General", "General\General.vbproj", "{8858FF6F-C6D9-49C5-A7BD-A639C8DA941E}"
	ProjectSection(ProjectDependencies) = postProject
		{01B14329-7D02-4F6D-9CCA-25C094FD346F} = {01B14329-7D02-4F6D-9CCA-25C094FD346F}
		{07BB284D-7AC5-443F-8502-676FC25CE6BF} = {07BB284D-7AC5-443F-8502-676FC25CE6BF}
	EndProjectSection
EndProject
Project("{F184B08F-C81C-45F6-A57F-5ABD9991F28F}") = "SqlServer", "SqlServer\SqlServer.vbproj", "{71B7BCDD-7B7D-47B4-BBEF-8D45715EE7C5}"
	ProjectSection(ProjectDependencies) = postProject
		{01B14329-7D02-4F6D-9CCA-25C094FD346F} = {01B14329-7D02-4F6D-9CCA-25C094FD346F}
		{07BB284D-7AC5-443F-8502-676FC25CE6BF} = {07BB284D-7AC5-443F-8502-676FC25CE6BF}
	EndProjectSection
EndProject
Project("{F184B08F-C81C-45F6-A57F-5ABD9991F28F}") = "Encripta", "Encripta\Encripta.vbproj", "{07BB284D-7AC5-443F-8502-676FC25CE6BF}"
EndProject
Project("{F184B08F-C81C-45F6-A57F-5ABD9991F28F}") = "Puebas", "Puebas\Puebas.vbproj", "{7B18B272-7CB5-42A9-8B33-4A97363515E6}"
	ProjectSection(ProjectDependencies) = postProject
		{01B14329-7D02-4F6D-9CCA-25C094FD346F} = {01B14329-7D02-4F6D-9CCA-25C094FD346F}
	EndProjectSection
EndProject
Project("{F184B08F-C81C-45F6-A57F-5ABD9991F28F}") = "Configuradores", "Configuraciones\Configuradores.vbproj", "{01B14329-7D02-4F6D-9CCA-25C094FD346F}"
EndProject
Global
	GlobalSection(SolutionConfigurationPlatforms) = preSolution
		Debug|Any CPU = Debug|Any CPU
		Release|Any CPU = Release|Any CPU
	EndGlobalSection
	GlobalSection(ProjectConfigurationPlatforms) = postSolution
		{8858FF6F-C6D9-49C5-A7BD-A639C8DA941E}.Debug|Any CPU.ActiveCfg = Debug|Any CPU
		{8858FF6F-C6D9-49C5-A7BD-A639C8DA941E}.Debug|Any CPU.Build.0 = Debug|Any CPU
		{8858FF6F-C6D9-49C5-A7BD-A639C8DA941E}.Release|Any CPU.ActiveCfg = Release|Any CPU
		{8858FF6F-C6D9-49C5-A7BD-A639C8DA941E}.Release|Any CPU.Build.0 = Release|Any CPU
		{71B7BCDD-7B7D-47B4-BBEF-8D45715EE7C5}.Debug|Any CPU.ActiveCfg = Debug|Any CPU
		{71B7BCDD-7B7D-47B4-BBEF-8D45715EE7C5}.Debug|Any CPU.Build.0 = Debug|Any CPU
		{71B7BCDD-7B7D-47B4-BBEF-8D45715EE7C5}.Release|Any CPU.ActiveCfg = Release|Any CPU
		{71B7BCDD-7B7D-47B4-BBEF-8D45715EE7C5}.Release|Any CPU.Build.0 = Release|Any CPU
		{07BB284D-7AC5-443F-8502-676FC25CE6BF}.Debug|Any CPU.ActiveCfg = Debug|Any CPU
		{07BB284D-7AC5-443F-8502-676FC25CE6BF}.Debug|Any CPU.Build.0 = Debug|Any CPU
		{07BB284D-7AC5-443F-8502-676FC25CE6BF}.Release|Any CPU.ActiveCfg = Release|Any CPU
		{07BB284D-7AC5-443F-8502-676FC25CE6BF}.Release|Any CPU.Build.0 = Release|Any CPU
		{7B18B272-7CB5-42A9-8B33-4A97363515E6}.Debug|Any CPU.ActiveCfg = Debug|Any CPU
		{7B18B272-7CB5-42A9-8B33-4A97363515E6}.Debug|Any CPU.Build.0 = Debug|Any CPU
		{7B18B272-7CB5-42A9-8B33-4A97363515E6}.Release|Any CPU.ActiveCfg = Release|Any CPU
		{7B18B272-7CB5-42A9-8B33-4A97363515E6}.Release|Any CPU.Build.0 = Release|Any CPU
		{01B14329-7D02-4F6D-9CCA-25C094FD346F}.Debug|Any CPU.ActiveCfg = Debug|Any CPU
		{01B14329-7D02-4F6D-9CCA-25C094FD346F}.Debug|Any CPU.Build.0 = Debug|Any CPU
		{01B14329-7D02-4F6D-9CCA-25C094FD346F}.Release|Any CPU.ActiveCfg = Release|Any CPU
		{01B14329-7D02-4F6D-9CCA-25C094FD346F}.Release|Any CPU.Build.0 = Release|Any CPU
	EndGlobalSection
	GlobalSection(SolutionProperties) = preSolution
		HideSolutionNode = FALSE
	EndGlobalSection
EndGlobal
